// !$*UTF8*$!
{
	archiveVersion = 1;
	classes = {
	};
	objectVersion = 52;
	objects = {

/* Begin PBXBuildFile section */
		7F83ECBD26BAEA490091A8B4 /* Netflix_RebuildApp.swift in Sources */ = {isa = PBXBuildFile; fileRef = 7F83ECBC26BAEA490091A8B4 /* Netflix_RebuildApp.swift */; };
		7F83ECBF26BAEA490091A8B4 /* ContentView.swift in Sources */ = {isa = PBXBuildFile; fileRef = 7F83ECBE26BAEA490091A8B4 /* ContentView.swift */; };
		7F83ECC126BAEA4C0091A8B4 /* Assets.xcassets in Resources */ = {isa = PBXBuildFile; fileRef = 7F83ECC026BAEA4C0091A8B4 /* Assets.xcassets */; };
		7F83ECC426BAEA4C0091A8B4 /* Preview Assets.xcassets in Resources */ = {isa = PBXBuildFile; fileRef = 7F83ECC326BAEA4C0091A8B4 /* Preview Assets.xcassets */; };
		7F83ECCC26BAEDCA0091A8B4 /* HomeView.swift in Sources */ = {isa = PBXBuildFile; fileRef = 7F83ECCB26BAEDCA0091A8B4 /* HomeView.swift */; };
		7F83ECD026BAEE900091A8B4 /* Kingfisher in Frameworks */ = {isa = PBXBuildFile; productRef = 7F83ECCF26BAEE900091A8B4 /* Kingfisher */; };
		7F83ECD226BAEEC00091A8B4 /* Movie.swift in Sources */ = {isa = PBXBuildFile; fileRef = 7F83ECD126BAEEC00091A8B4 /* Movie.swift */; };
		7F83ECD526BAEF300091A8B4 /* MockMovies.swift in Sources */ = {isa = PBXBuildFile; fileRef = 7F83ECD426BAEF300091A8B4 /* MockMovies.swift */; };
		7F83ECD826BAEF970091A8B4 /* MovieItemView.swift in Sources */ = {isa = PBXBuildFile; fileRef = 7F83ECD726BAEF970091A8B4 /* MovieItemView.swift */; };
		7F83ECDB26BAF1810091A8B4 /* HomeViewModel.swift in Sources */ = {isa = PBXBuildFile; fileRef = 7F83ECDA26BAF1810091A8B4 /* HomeViewModel.swift */; };
		7F83ECDE26BAFC840091A8B4 /* TopPreviewView.swift in Sources */ = {isa = PBXBuildFile; fileRef = 7F83ECDD26BAFC840091A8B4 /* TopPreviewView.swift */; };
		7F83ECE026BB01FA0091A8B4 /* VButton.swift in Sources */ = {isa = PBXBuildFile; fileRef = 7F83ECDF26BB01FA0091A8B4 /* VButton.swift */; };
		7F83ECE226BB05470091A8B4 /* HButton.swift in Sources */ = {isa = PBXBuildFile; fileRef = 7F83ECE126BB05470091A8B4 /* HButton.swift */; };
/* End PBXBuildFile section */

/* Begin PBXFileReference section */
		7F83ECB926BAEA490091A8B4 /* Netflix Rebuild.app */ = {isa = PBXFileReference; explicitFileType = wrapper.application; includeInIndex = 0; path = "Netflix Rebuild.app"; sourceTree = BUILT_PRODUCTS_DIR; };
		7F83ECBC26BAEA490091A8B4 /* Netflix_RebuildApp.swift */ = {isa = PBXFileReference; lastKnownFileType = sourcecode.swift; path = Netflix_RebuildApp.swift; sourceTree = "<group>"; };
		7F83ECBE26BAEA490091A8B4 /* ContentView.swift */ = {isa = PBXFileReference; lastKnownFileType = sourcecode.swift; path = ContentView.swift; sourceTree = "<group>"; };
		7F83ECC026BAEA4C0091A8B4 /* Assets.xcassets */ = {isa = PBXFileReference; lastKnownFileType = folder.assetcatalog; path = Assets.xcassets; sourceTree = "<group>"; };
		7F83ECC326BAEA4C0091A8B4 /* Preview Assets.xcassets */ = {isa = PBXFileReference; lastKnownFileType = folder.assetcatalog; path = "Preview Assets.xcassets"; sourceTree = "<group>"; };
		7F83ECC526BAEA4C0091A8B4 /* Info.plist */ = {isa = PBXFileReference; lastKnownFileType = text.plist.xml; path = Info.plist; sourceTree = "<group>"; };
		7F83ECCB26BAEDCA0091A8B4 /* HomeView.swift */ = {isa = PBXFileReference; lastKnownFileType = sourcecode.swift; path = HomeView.swift; sourceTree = "<group>"; };
		7F83ECD126BAEEC00091A8B4 /* Movie.swift */ = {isa = PBXFileReference; lastKnownFileType = sourcecode.swift; path = Movie.swift; sourceTree = "<group>"; };
		7F83ECD426BAEF300091A8B4 /* MockMovies.swift */ = {isa = PBXFileReference; lastKnownFileType = sourcecode.swift; path = MockMovies.swift; sourceTree = "<group>"; };
		7F83ECD726BAEF970091A8B4 /* MovieItemView.swift */ = {isa = PBXFileReference; lastKnownFileType = sourcecode.swift; path = MovieItemView.swift; sourceTree = "<group>"; };
		7F83ECDA26BAF1810091A8B4 /* HomeViewModel.swift */ = {isa = PBXFileReference; lastKnownFileType = sourcecode.swift; path = HomeViewModel.swift; sourceTree = "<group>"; };
		7F83ECDD26BAFC840091A8B4 /* TopPreviewView.swift */ = {isa = PBXFileReference; lastKnownFileType = sourcecode.swift; path = TopPreviewView.swift; sourceTree = "<group>"; };
		7F83ECDF26BB01FA0091A8B4 /* VButton.swift */ = {isa = PBXFileReference; lastKnownFileType = sourcecode.swift; path = VButton.swift; sourceTree = "<group>"; };
		7F83ECE126BB05470091A8B4 /* HButton.swift */ = {isa = PBXFileReference; lastKnownFileType = sourcecode.swift; path = HButton.swift; sourceTree = "<group>"; };
/* End PBXFileReference section */

/* Begin PBXFrameworksBuildPhase section */
		7F83ECB626BAEA490091A8B4 /* Frameworks */ = {
			isa = PBXFrameworksBuildPhase;
			buildActionMask = 2147483647;
			files = (
				7F83ECD026BAEE900091A8B4 /* Kingfisher in Frameworks */,
			);
			runOnlyForDeploymentPostprocessing = 0;
		};
/* End PBXFrameworksBuildPhase section */

/* Begin PBXGroup section */
		7F83ECB026BAEA490091A8B4 = {
			isa = PBXGroup;
			children = (
				7F83ECBB26BAEA490091A8B4 /* Netflix Rebuild */,
				7F83ECBA26BAEA490091A8B4 /* Products */,
			);
			sourceTree = "<group>";
		};
		7F83ECBA26BAEA490091A8B4 /* Products */ = {
			isa = PBXGroup;
			children = (
				7F83ECB926BAEA490091A8B4 /* Netflix Rebuild.app */,
			);
			name = Products;
			sourceTree = "<group>";
		};
		7F83ECBB26BAEA490091A8B4 /* Netflix Rebuild */ = {
			isa = PBXGroup;
			children = (
				7F83ECBC26BAEA490091A8B4 /* Netflix_RebuildApp.swift */,
				7F83ECBE26BAEA490091A8B4 /* ContentView.swift */,
				7F83ECD326BAEF220091A8B4 /* Mocks */,
				7F83ECCD26BAEDCE0091A8B4 /* Screens */,
				7F83ECDC26BAFBBD0091A8B4 /* Components */,
				7F83ECD626BAEF450091A8B4 /* Models */,
				7F83ECC026BAEA4C0091A8B4 /* Assets.xcassets */,
				7F83ECC526BAEA4C0091A8B4 /* Info.plist */,
				7F83ECC226BAEA4C0091A8B4 /* Preview Content */,
			);
			path = "Netflix Rebuild";
			sourceTree = "<group>";
		};
		7F83ECC226BAEA4C0091A8B4 /* Preview Content */ = {
			isa = PBXGroup;
			children = (
				7F83ECC326BAEA4C0091A8B4 /* Preview Assets.xcassets */,
			);
			path = "Preview Content";
			sourceTree = "<group>";
		};
		7F83ECCD26BAEDCE0091A8B4 /* Screens */ = {
			isa = PBXGroup;
			children = (
				7F83ECD926BAF16F0091A8B4 /* Home */,
			);
			path = Screens;
			sourceTree = "<group>";
		};
		7F83ECD326BAEF220091A8B4 /* Mocks */ = {
			isa = PBXGroup;
			children = (
				7F83ECD426BAEF300091A8B4 /* MockMovies.swift */,
			);
			path = Mocks;
			sourceTree = "<group>";
		};
		7F83ECD626BAEF450091A8B4 /* Models */ = {
			isa = PBXGroup;
			children = (
				7F83ECD126BAEEC00091A8B4 /* Movie.swift */,
			);
			path = Models;
			sourceTree = "<group>";
		};
		7F83ECD926BAF16F0091A8B4 /* Home */ = {
			isa = PBXGroup;
			children = (
				7F83ECCB26BAEDCA0091A8B4 /* HomeView.swift */,
				7F83ECDA26BAF1810091A8B4 /* HomeViewModel.swift */,
			);
			path = Home;
			sourceTree = "<group>";
		};
		7F83ECDC26BAFBBD0091A8B4 /* Components */ = {
			isa = PBXGroup;
			children = (
				7F83ECD726BAEF970091A8B4 /* MovieItemView.swift */,
				7F83ECDD26BAFC840091A8B4 /* TopPreviewView.swift */,
				7F83ECDF26BB01FA0091A8B4 /* VButton.swift */,
				7F83ECE126BB05470091A8B4 /* HButton.swift */,
			);
			path = Components;
			sourceTree = "<group>";
		};
/* End PBXGroup section */

/* Begin PBXNativeTarget section */
		7F83ECB826BAEA490091A8B4 /* Netflix Rebuild */ = {
			isa = PBXNativeTarget;
			buildConfigurationList = 7F83ECC826BAEA4C0091A8B4 /* Build configuration list for PBXNativeTarget "Netflix Rebuild" */;
			buildPhases = (
				7F83ECB526BAEA490091A8B4 /* Sources */,
				7F83ECB626BAEA490091A8B4 /* Frameworks */,
				7F83ECB726BAEA490091A8B4 /* Resources */,
			);
			buildRules = (
			);
			dependencies = (
			);
			name = "Netflix Rebuild";
			packageProductDependencies = (
				7F83ECCF26BAEE900091A8B4 /* Kingfisher */,
			);
			productName = "Netflix Rebuild";
			productReference = 7F83ECB926BAEA490091A8B4 /* Netflix Rebuild.app */;
			productType = "com.apple.product-type.application";
		};
/* End PBXNativeTarget section */

/* Begin PBXProject section */
		7F83ECB126BAEA490091A8B4 /* Project object */ = {
			isa = PBXProject;
			attributes = {
				LastSwiftUpdateCheck = 1250;
				LastUpgradeCheck = 1250;
				TargetAttributes = {
					7F83ECB826BAEA490091A8B4 = {
						CreatedOnToolsVersion = 12.5.1;
					};
				};
			};
			buildConfigurationList = 7F83ECB426BAEA490091A8B4 /* Build configuration list for PBXProject "Netflix Rebuild" */;
			compatibilityVersion = "Xcode 9.3";
			developmentRegion = en;
			hasScannedForEncodings = 0;
			knownRegions = (
				en,
				Base,
			);
			mainGroup = 7F83ECB026BAEA490091A8B4;
			packageReferences = (
				7F83ECCE26BAEE900091A8B4 /* XCRemoteSwiftPackageReference "Kingfisher" */,
			);
			productRefGroup = 7F83ECBA26BAEA490091A8B4 /* Products */;
			projectDirPath = "";
			projectRoot = "";
			targets = (
				7F83ECB826BAEA490091A8B4 /* Netflix Rebuild */,
			);
		};
/* End PBXProject section */

/* Begin PBXResourcesBuildPhase section */
		7F83ECB726BAEA490091A8B4 /* Resources */ = {
			isa = PBXResourcesBuildPhase;
			buildActionMask = 2147483647;
			files = (
				7F83ECC426BAEA4C0091A8B4 /* Preview Assets.xcassets in Resources */,
				7F83ECC126BAEA4C0091A8B4 /* Assets.xcassets in Resources */,
			);
			runOnlyForDeploymentPostprocessing = 0;
		};
/* End PBXResourcesBuildPhase section */

/* Begin PBXSourcesBuildPhase section */
		7F83ECB526BAEA490091A8B4 /* Sources */ = {
			isa = PBXSourcesBuildPhase;
			buildActionMask = 2147483647;
			files = (
				7F83ECE226BB05470091A8B4 /* HButton.swift in Sources */,
				7F83ECE026BB01FA0091A8B4 /* VButton.swift in Sources */,
				7F83ECCC26BAEDCA0091A8B4 /* HomeView.swift in Sources */,
				7F83ECD826BAEF970091A8B4 /* MovieItemView.swift in Sources */,
				7F83ECDB26BAF1810091A8B4 /* HomeViewModel.swift in Sources */,
				7F83ECBF26BAEA490091A8B4 /* ContentView.swift in Sources */,
				7F83ECDE26BAFC840091A8B4 /* TopPreviewView.swift in Sources */,
				7F83ECD526BAEF300091A8B4 /* MockMovies.swift in Sources */,
				7F83ECD226BAEEC00091A8B4 /* Movie.swift in Sources */,
				7F83ECBD26BAEA490091A8B4 /* Netflix_RebuildApp.swift in Sources */,
			);
			runOnlyForDeploymentPostprocessing = 0;
		};
/* End PBXSourcesBuildPhase section */

/* Begin XCBuildConfiguration section */
		7F83ECC626BAEA4C0091A8B4 /* Debug */ = {
			isa = XCBuildConfiguration;
			buildSettings = {
				ALWAYS_SEARCH_USER_PATHS = NO;
				CLANG_ANALYZER_NONNULL = YES;
				CLANG_ANALYZER_NUMBER_OBJECT_CONVERSION = YES_AGGRESSIVE;
				CLANG_CXX_LANGUAGE_STANDARD = "gnu++14";
				CLANG_CXX_LIBRARY = "libc++";
				CLANG_ENABLE_MODULES = YES;
				CLANG_ENABLE_OBJC_ARC = YES;
				CLANG_ENABLE_OBJC_WEAK = YES;
				CLANG_WARN_BLOCK_CAPTURE_AUTORELEASING = YES;
				CLANG_WARN_BOOL_CONVERSION = YES;
				CLANG_WARN_COMMA = YES;
				CLANG_WARN_CONSTANT_CONVERSION = YES;
				CLANG_WARN_DEPRECATED_OBJC_IMPLEMENTATIONS = YES;
				CLANG_WARN_DIRECT_OBJC_ISA_USAGE = YES_ERROR;
				CLANG_WARN_DOCUMENTATION_COMMENTS = YES;
				CLANG_WARN_EMPTY_BODY = YES;
				CLANG_WARN_ENUM_CONVERSION = YES;
				CLANG_WARN_INFINITE_RECURSION = YES;
				CLANG_WARN_INT_CONVERSION = YES;
				CLANG_WARN_NON_LITERAL_NULL_CONVERSION = YES;
				CLANG_WARN_OBJC_IMPLICIT_RETAIN_SELF = YES;
				CLANG_WARN_OBJC_LITERAL_CONVERSION = YES;
				CLANG_WARN_OBJC_ROOT_CLASS = YES_ERROR;
				CLANG_WARN_QUOTED_INCLUDE_IN_FRAMEWORK_HEADER = YES;
				CLANG_WARN_RANGE_LOOP_ANALYSIS = YES;
				CLANG_WARN_STRICT_PROTOTYPES = YES;
				CLANG_WARN_SUSPICIOUS_MOVE = YES;
				CLANG_WARN_UNGUARDED_AVAILABILITY = YES_AGGRESSIVE;
				CLANG_WARN_UNREACHABLE_CODE = YES;
				CLANG_WARN__DUPLICATE_METHOD_MATCH = YES;
				COPY_PHASE_STRIP = NO;
				DEBUG_INFORMATION_FORMAT = dwarf;
				ENABLE_STRICT_OBJC_MSGSEND = YES;
				ENABLE_TESTABILITY = YES;
				GCC_C_LANGUAGE_STANDARD = gnu11;
				GCC_DYNAMIC_NO_PIC = NO;
				GCC_NO_COMMON_BLOCKS = YES;
				GCC_OPTIMIZATION_LEVEL = 0;
				GCC_PREPROCESSOR_DEFINITIONS = (
					"DEBUG=1",
					"$(inherited)",
				);
				GCC_WARN_64_TO_32_BIT_CONVERSION = YES;
				GCC_WARN_ABOUT_RETURN_TYPE = YES_ERROR;
				GCC_WARN_UNDECLARED_SELECTOR = YES;
				GCC_WARN_UNINITIALIZED_AUTOS = YES_AGGRESSIVE;
				GCC_WARN_UNUSED_FUNCTION = YES;
				GCC_WARN_UNUSED_VARIABLE = YES;
				IPHONEOS_DEPLOYMENT_TARGET = 14.5;
				MTL_ENABLE_DEBUG_INFO = INCLUDE_SOURCE;
				MTL_FAST_MATH = YES;
				ONLY_ACTIVE_ARCH = YES;
				SDKROOT = iphoneos;
				SWIFT_ACTIVE_COMPILATION_CONDITIONS = DEBUG;
				SWIFT_OPTIMIZATION_LEVEL = "-Onone";
			};
			name = Debug;
		};
		7F83ECC726BAEA4C0091A8B4 /* Release */ = {
			isa = XCBuildConfiguration;
			buildSettings = {
				ALWAYS_SEARCH_USER_PATHS = NO;
				CLANG_ANALYZER_NONNULL = YES;
				CLANG_ANALYZER_NUMBER_OBJECT_CONVERSION = YES_AGGRESSIVE;
				CLANG_CXX_LANGUAGE_STANDARD = "gnu++14";
				CLANG_CXX_LIBRARY = "libc++";
				CLANG_ENABLE_MODULES = YES;
				CLANG_ENABLE_OBJC_ARC = YES;
				CLANG_ENABLE_OBJC_WEAK = YES;
				CLANG_WARN_BLOCK_CAPTURE_AUTORELEASING = YES;
				CLANG_WARN_BOOL_CONVERSION = YES;
				CLANG_WARN_COMMA = YES;
				CLANG_WARN_CONSTANT_CONVERSION = YES;
				CLANG_WARN_DEPRECATED_OBJC_IMPLEMENTATIONS = YES;
				CLANG_WARN_DIRECT_OBJC_ISA_USAGE = YES_ERROR;
				CLANG_WARN_DOCUMENTATION_COMMENTS = YES;
				CLANG_WARN_EMPTY_BODY = YES;
				CLANG_WARN_ENUM_CONVERSION = YES;
				CLANG_WARN_INFINITE_RECURSION = YES;
				CLANG_WARN_INT_CONVERSION = YES;
				CLANG_WARN_NON_LITERAL_NULL_CONVERSION = YES;
				CLANG_WARN_OBJC_IMPLICIT_RETAIN_SELF = YES;
				CLANG_WARN_OBJC_LITERAL_CONVERSION = YES;
				CLANG_WARN_OBJC_ROOT_CLASS = YES_ERROR;
				CLANG_WARN_QUOTED_INCLUDE_IN_FRAMEWORK_HEADER = YES;
				CLANG_WARN_RANGE_LOOP_ANALYSIS = YES;
				CLANG_WARN_STRICT_PROTOTYPES = YES;
				CLANG_WARN_SUSPICIOUS_MOVE = YES;
				CLANG_WARN_UNGUARDED_AVAILABILITY = YES_AGGRESSIVE;
				CLANG_WARN_UNREACHABLE_CODE = YES;
				CLANG_WARN__DUPLICATE_METHOD_MATCH = YES;
				COPY_PHASE_STRIP = NO;
				DEBUG_INFORMATION_FORMAT = "dwarf-with-dsym";
				ENABLE_NS_ASSERTIONS = NO;
				ENABLE_STRICT_OBJC_MSGSEND = YES;
				GCC_C_LANGUAGE_STANDARD = gnu11;
				GCC_NO_COMMON_BLOCKS = YES;
				GCC_WARN_64_TO_32_BIT_CONVERSION = YES;
				GCC_WARN_ABOUT_RETURN_TYPE = YES_ERROR;
				GCC_WARN_UNDECLARED_SELECTOR = YES;
				GCC_WARN_UNINITIALIZED_AUTOS = YES_AGGRESSIVE;
				GCC_WARN_UNUSED_FUNCTION = YES;
				GCC_WARN_UNUSED_VARIABLE = YES;
				IPHONEOS_DEPLOYMENT_TARGET = 14.5;
				MTL_ENABLE_DEBUG_INFO = NO;
				MTL_FAST_MATH = YES;
				SDKROOT = iphoneos;
				SWIFT_COMPILATION_MODE = wholemodule;
				SWIFT_OPTIMIZATION_LEVEL = "-O";
				VALIDATE_PRODUCT = YES;
			};
			name = Release;
		};
		7F83ECC926BAEA4C0091A8B4 /* Debug */ = {
			isa = XCBuildConfiguration;
			buildSettings = {
				ASSETCATALOG_COMPILER_APPICON_NAME = AppIcon;
				ASSETCATALOG_COMPILER_GLOBAL_ACCENT_COLOR_NAME = AccentColor;
				CODE_SIGN_STYLE = Automatic;
				DEVELOPMENT_ASSET_PATHS = "\"Netflix Rebuild/Preview Content\"";
				DEVELOPMENT_TEAM = 5X4F448K5U;
				ENABLE_PREVIEWS = YES;
				INFOPLIST_FILE = "Netflix Rebuild/Info.plist";
				IPHONEOS_DEPLOYMENT_TARGET = 14.0;
				LD_RUNPATH_SEARCH_PATHS = (
					"$(inherited)",
					"@executable_path/Frameworks",
				);
				PRODUCT_BUNDLE_IDENTIFIER = "com.tinhpv.Netflix-Rebuild";
				PRODUCT_NAME = "$(TARGET_NAME)";
				SWIFT_VERSION = 5.0;
				TARGETED_DEVICE_FAMILY = "1,2";
			};
			name = Debug;
		};
		7F83ECCA26BAEA4C0091A8B4 /* Release */ = {
			isa = XCBuildConfiguration;
			buildSettings = {
				ASSETCATALOG_COMPILER_APPICON_NAME = AppIcon;
				ASSETCATALOG_COMPILER_GLOBAL_ACCENT_COLOR_NAME = AccentColor;
				CODE_SIGN_STYLE = Automatic;
				DEVELOPMENT_ASSET_PATHS = "\"Netflix Rebuild/Preview Content\"";
				DEVELOPMENT_TEAM = 5X4F448K5U;
				ENABLE_PREVIEWS = YES;
				INFOPLIST_FILE = "Netflix Rebuild/Info.plist";
				IPHONEOS_DEPLOYMENT_TARGET = 14.0;
				LD_RUNPATH_SEARCH_PATHS = (
					"$(inherited)",
					"@executable_path/Frameworks",
				);
				PRODUCT_BUNDLE_IDENTIFIER = "com.tinhpv.Netflix-Rebuild";
				PRODUCT_NAME = "$(TARGET_NAME)";
				SWIFT_VERSION = 5.0;
				TARGETED_DEVICE_FAMILY = "1,2";
			};
			name = Release;
		};
/* End XCBuildConfiguration section */

/* Begin XCConfigurationList section */
		7F83ECB426BAEA490091A8B4 /* Build configuration list for PBXProject "Netflix Rebuild" */ = {
			isa = XCConfigurationList;
			buildConfigurations = (
				7F83ECC626BAEA4C0091A8B4 /* Debug */,
				7F83ECC726BAEA4C0091A8B4 /* Release */,
			);
			defaultConfigurationIsVisible = 0;
			defaultConfigurationName = Release;
		};
		7F83ECC826BAEA4C0091A8B4 /* Build configuration list for PBXNativeTarget "Netflix Rebuild" */ = {
			isa = XCConfigurationList;
			buildConfigurations = (
				7F83ECC926BAEA4C0091A8B4 /* Debug */,
				7F83ECCA26BAEA4C0091A8B4 /* Release */,
			);
			defaultConfigurationIsVisible = 0;
			defaultConfigurationName = Release;
		};
/* End XCConfigurationList section */

/* Begin XCRemoteSwiftPackageReference section */
		7F83ECCE26BAEE900091A8B4 /* XCRemoteSwiftPackageReference "Kingfisher" */ = {
			isa = XCRemoteSwiftPackageReference;
			repositoryURL = "https://github.com/onevcat/Kingfisher.git";
			requirement = {
				kind = upToNextMajorVersion;
				minimumVersion = 6.3.1;
			};
		};
/* End XCRemoteSwiftPackageReference section */

/* Begin XCSwiftPackageProductDependency section */
		7F83ECCF26BAEE900091A8B4 /* Kingfisher */ = {
			isa = XCSwiftPackageProductDependency;
			package = 7F83ECCE26BAEE900091A8B4 /* XCRemoteSwiftPackageReference "Kingfisher" */;
			productName = Kingfisher;
		};
/* End XCSwiftPackageProductDependency section */
	};
	rootObject = 7F83ECB126BAEA490091A8B4 /* Project object */;
}
